
Microsoft Visual Studio Solution File, Format Version 12.00
# Visual Studio Version 17
VisualStudioVersion = 17.14.36401.2
MinimumVisualStudioVersion = 10.0.40219.1
Project("{FAE04EC0-301F-11D3-BF4B-00C04F79EFBC}") = "sys21_campos_zukarmex", "sys21_campos_zukarmex\sys21_campos_zukarmex.csproj", "{CE74CA20-297A-44B9-94AB-8744931FF851}"
EndProject
Global
	GlobalSection(SolutionConfigurationPlatforms) = preSolution
		Debug|Any CPU = Debug|Any CPU
		Release|Any CPU = Release|Any CPU
	EndGlobalSection
	GlobalSection(ProjectConfigurationPlatforms) = postSolution
		{CE74CA20-297A-44B9-94AB-8744931FF851}.Debug|Any CPU.ActiveCfg = Debug|Any CPU
		{CE74CA20-297A-44B9-94AB-8744931FF851}.Debug|Any CPU.Build.0 = Debug|Any CPU
		{CE74CA20-297A-44B9-94AB-8744931FF851}.Debug|Any CPU.Deploy.0 = Debug|Any CPU
		{CE74CA20-297A-44B9-94AB-8744931FF851}.Release|Any CPU.ActiveCfg = Release|Any CPU
		{CE74CA20-297A-44B9-94AB-8744931FF851}.Release|Any CPU.Build.0 = Release|Any CPU
	EndGlobalSection
	GlobalSection(SolutionProperties) = preSolution
		HideSolutionNode = FALSE
	EndGlobalSection
	GlobalSection(ExtensibilityGlobals) = postSolution
		SolutionGuid = {95A22446-46D6-418C-A520-66EFD88A6F6E}
	EndGlobalSection
EndGlobal
